
Microsoft Visual Studio Solution File, Format Version 12.00
# Visual Studio 2013
VisualStudioVersion = 12.0.30723.0
MinimumVisualStudioVersion = 10.0.40219.1
Project("{8BC9CEB8-8B4A-11D0-8D11-00A0C91BC942}") = "goap", "goap\goap.vcxproj", "{A4A02A53-4756-4C94-B949-86AEDF972A86}"
EndProject
Project("{8BC9CEB8-8B4A-11D0-8D11-00A0C91BC942}") = "goap_tests", "goap_tests\goap_tests.vcxproj", "{AAE56CA4-9EAB-4EE0-A1C9-8B49055AFE30}"
EndProject
Project("{8BC9CEB8-8B4A-11D0-8D11-00A0C91BC942}") = "weapon_example", "weapon_example\weapon_example.vcxproj", "{3606BA2B-48C5-4156-96B8-2164CA7A23A3}"
	ProjectSection(ProjectDependencies) = postProject
		{A4A02A53-4756-4C94-B949-86AEDF972A86} = {A4A02A53-4756-4C94-B949-86AEDF972A86}
	EndProjectSection
EndProject
Project("{8BC9CEB8-8B4A-11D0-8D11-00A0C91BC942}") = "wargame_example", "wargame_example\wargame_example.vcxproj", "{153C91A2-4B17-4E1D-9CED-A1D417E11878}"
EndProject
Global
	GlobalSection(SolutionConfigurationPlatforms) = preSolution
		Debug|Win32 = Debug|Win32
		Debug|x64 = Debug|x64
	EndGlobalSection
	GlobalSection(ProjectConfigurationPlatforms) = postSolution
		{A4A02A53-4756-4C94-B949-86AEDF972A86}.Debug|Win32.ActiveCfg = Debug|Win32
		{A4A02A53-4756-4C94-B949-86AEDF972A86}.Debug|Win32.Build.0 = Debug|Win32
		{A4A02A53-4756-4C94-B949-86AEDF972A86}.Debug|x64.ActiveCfg = Debug|x64
		{A4A02A53-4756-4C94-B949-86AEDF972A86}.Debug|x64.Build.0 = Debug|x64
		{AAE56CA4-9EAB-4EE0-A1C9-8B49055AFE30}.Debug|Win32.ActiveCfg = Debug|Win32
		{AAE56CA4-9EAB-4EE0-A1C9-8B49055AFE30}.Debug|Win32.Build.0 = Debug|Win32
		{AAE56CA4-9EAB-4EE0-A1C9-8B49055AFE30}.Debug|x64.ActiveCfg = Debug|x64
		{AAE56CA4-9EAB-4EE0-A1C9-8B49055AFE30}.Debug|x64.Build.0 = Debug|x64
		{3606BA2B-48C5-4156-96B8-2164CA7A23A3}.Debug|Win32.ActiveCfg = Debug|Win32
		{3606BA2B-48C5-4156-96B8-2164CA7A23A3}.Debug|Win32.Build.0 = Debug|Win32
		{3606BA2B-48C5-4156-96B8-2164CA7A23A3}.Debug|x64.ActiveCfg = Debug|x64
		{3606BA2B-48C5-4156-96B8-2164CA7A23A3}.Debug|x64.Build.0 = Debug|x64
		{153C91A2-4B17-4E1D-9CED-A1D417E11878}.Debug|Win32.ActiveCfg = Debug|Win32
		{153C91A2-4B17-4E1D-9CED-A1D417E11878}.Debug|Win32.Build.0 = Debug|Win32
		{153C91A2-4B17-4E1D-9CED-A1D417E11878}.Debug|x64.ActiveCfg = Debug|x64
		{153C91A2-4B17-4E1D-9CED-A1D417E11878}.Debug|x64.Build.0 = Debug|x64
	EndGlobalSection
	GlobalSection(SolutionProperties) = preSolution
		HideSolutionNode = FALSE
	EndGlobalSection
EndGlobal
