// !$*UTF8*$!
{
	archiveVersion = 1;
	classes = {
	};
	objectVersion = 46;
	objects = {

/* Begin PBXBuildFile section */
		830C2A5119D86E52005944F4 /* ActionTest.cpp in Sources */ = {isa = PBXBuildFile; fileRef = 830C2A3C19D86E1E005944F4 /* ActionTest.cpp */; };
		830C2A5219D86E52005944F4 /* NodeTest.cpp in Sources */ = {isa = PBXBuildFile; fileRef = 830C2A3D19D86E1E005944F4 /* NodeTest.cpp */; };
		830C2A5319D86E52005944F4 /* PlannerTest.cpp in Sources */ = {isa = PBXBuildFile; fileRef = 830C2A3E19D86E1E005944F4 /* PlannerTest.cpp */; };
		830C2A5419D86E52005944F4 /* WorldStateTest.cpp in Sources */ = {isa = PBXBuildFile; fileRef = 830C2A3F19D86E1E005944F4 /* WorldStateTest.cpp */; };
		830C2A5519D86E57005944F4 /* libgoap.dylib in Frameworks */ = {isa = PBXBuildFile; fileRef = 83B17F6219D77EFA0025658A /* libgoap.dylib */; };
		830C2A5919D86E67005944F4 /* gtest.framework in Frameworks */ = {isa = PBXBuildFile; fileRef = 830C2A5619D86E67005944F4 /* gtest.framework */; };
		830C2A5A19D86E67005944F4 /* libgtest_main.a in Frameworks */ = {isa = PBXBuildFile; fileRef = 830C2A5719D86E67005944F4 /* libgtest_main.a */; };
		830C2A5B19D86E67005944F4 /* libgtest.a in Frameworks */ = {isa = PBXBuildFile; fileRef = 830C2A5819D86E67005944F4 /* libgtest.a */; };
		830C2A5C19D86EA6005944F4 /* gtest.framework in CopyFiles */ = {isa = PBXBuildFile; fileRef = 830C2A5619D86E67005944F4 /* gtest.framework */; };
		830C2A6419D8703C005944F4 /* libgoap.dylib in Frameworks */ = {isa = PBXBuildFile; fileRef = 83B17F6219D77EFA0025658A /* libgoap.dylib */; };
		830C2A6A19D8704E005944F4 /* main.cpp in Sources */ = {isa = PBXBuildFile; fileRef = 83A71C2719D785A60062D951 /* main.cpp */; };
		83A71C2219D783950062D951 /* Action.cpp in Sources */ = {isa = PBXBuildFile; fileRef = 83B17F5219D77CD30025658A /* Action.cpp */; };
		83A71C2319D7839D0062D951 /* WorldState.cpp in Sources */ = {isa = PBXBuildFile; fileRef = 83B17F5819D77CD30025658A /* WorldState.cpp */; };
		83A71C2419D783A20062D951 /* Planner.cpp in Sources */ = {isa = PBXBuildFile; fileRef = 83B17F5619D77CD30025658A /* Planner.cpp */; };
		83A71C2519D783AF0062D951 /* Node.cpp in Sources */ = {isa = PBXBuildFile; fileRef = 83B17F5419D77CD30025658A /* Node.cpp */; };
		83A71C4419D786460062D951 /* libgoap.dylib in Frameworks */ = {isa = PBXBuildFile; fileRef = 83B17F6219D77EFA0025658A /* libgoap.dylib */; };
		83A71C4719D787930062D951 /* main.cpp in Sources */ = {isa = PBXBuildFile; fileRef = 83A71C3519D785E70062D951 /* main.cpp */; };
/* End PBXBuildFile section */

/* Begin PBXContainerItemProxy section */
		830C2A4F19D86E38005944F4 /* PBXContainerItemProxy */ = {
			isa = PBXContainerItemProxy;
			containerPortal = 833A93ED1971FB7600AB6B66 /* Project object */;
			proxyType = 1;
			remoteGlobalIDString = 83B17F6119D77EFA0025658A;
			remoteInfo = goap;
		};
		830C2A6019D8703C005944F4 /* PBXContainerItemProxy */ = {
			isa = PBXContainerItemProxy;
			containerPortal = 833A93ED1971FB7600AB6B66 /* Project object */;
			proxyType = 1;
			remoteGlobalIDString = 83B17F6119D77EFA0025658A;
			remoteInfo = goap;
		};
		83A71C4219D786400062D951 /* PBXContainerItemProxy */ = {
			isa = PBXContainerItemProxy;
			containerPortal = 833A93ED1971FB7600AB6B66 /* Project object */;
			proxyType = 1;
			remoteGlobalIDString = 83B17F6119D77EFA0025658A;
			remoteInfo = goap;
		};
/* End PBXContainerItemProxy section */

/* Begin PBXCopyFilesBuildPhase section */
		830C2A4619D86E32005944F4 /* CopyFiles */ = {
			isa = PBXCopyFilesBuildPhase;
			buildActionMask = 12;
			dstPath = "";
			dstSubfolderSpec = 16;
			files = (
				830C2A5C19D86EA6005944F4 /* gtest.framework in CopyFiles */,
			);
			runOnlyForDeploymentPostprocessing = 0;
		};
		830C2A6519D8703C005944F4 /* CopyFiles */ = {
			isa = PBXCopyFilesBuildPhase;
			buildActionMask = 12;
			dstPath = "";
			dstSubfolderSpec = 16;
			files = (
			);
			runOnlyForDeploymentPostprocessing = 0;
		};
		83A71C3919D785FC0062D951 /* CopyFiles */ = {
			isa = PBXCopyFilesBuildPhase;
			buildActionMask = 12;
			dstPath = "";
			dstSubfolderSpec = 16;
			files = (
			);
			runOnlyForDeploymentPostprocessing = 0;
		};
/* End PBXCopyFilesBuildPhase section */

/* Begin PBXFileReference section */
		830C2A3C19D86E1E005944F4 /* ActionTest.cpp */ = {isa = PBXFileReference; fileEncoding = 4; lastKnownFileType = sourcecode.cpp.cpp; name = ActionTest.cpp; path = goap_tests/ActionTest.cpp; sourceTree = "<group>"; };
		830C2A3D19D86E1E005944F4 /* NodeTest.cpp */ = {isa = PBXFileReference; fileEncoding = 4; lastKnownFileType = sourcecode.cpp.cpp; name = NodeTest.cpp; path = goap_tests/NodeTest.cpp; sourceTree = "<group>"; };
		830C2A3E19D86E1E005944F4 /* PlannerTest.cpp */ = {isa = PBXFileReference; fileEncoding = 4; lastKnownFileType = sourcecode.cpp.cpp; name = PlannerTest.cpp; path = goap_tests/PlannerTest.cpp; sourceTree = "<group>"; };
		830C2A3F19D86E1E005944F4 /* WorldStateTest.cpp */ = {isa = PBXFileReference; fileEncoding = 4; lastKnownFileType = sourcecode.cpp.cpp; name = WorldStateTest.cpp; path = goap_tests/WorldStateTest.cpp; sourceTree = "<group>"; };
		830C2A4819D86E32005944F4 /* goap_tests */ = {isa = PBXFileReference; explicitFileType = "compiled.mach-o.executable"; includeInIndex = 0; path = goap_tests; sourceTree = BUILT_PRODUCTS_DIR; };
		830C2A5619D86E67005944F4 /* gtest.framework */ = {isa = PBXFileReference; lastKnownFileType = wrapper.framework; name = gtest.framework; path = ../common_libs/gtest.framework; sourceTree = "<group>"; };
		830C2A5719D86E67005944F4 /* libgtest_main.a */ = {isa = PBXFileReference; lastKnownFileType = archive.ar; name = libgtest_main.a; path = ../common_libs/libgtest_main.a; sourceTree = "<group>"; };
		830C2A5819D86E67005944F4 /* libgtest.a */ = {isa = PBXFileReference; lastKnownFileType = archive.ar; name = libgtest.a; path = ../common_libs/libgtest.a; sourceTree = "<group>"; };
		830C2A6919D8703C005944F4 /* weapon_example copy */ = {isa = PBXFileReference; explicitFileType = "compiled.mach-o.executable"; includeInIndex = 0; path = "weapon_example copy"; sourceTree = BUILT_PRODUCTS_DIR; };
		83A71C2719D785A60062D951 /* main.cpp */ = {isa = PBXFileReference; fileEncoding = 4; lastKnownFileType = sourcecode.cpp.cpp; name = main.cpp; path = wargame_example/main.cpp; sourceTree = "<group>"; };
		83A71C3519D785E70062D951 /* main.cpp */ = {isa = PBXFileReference; fileEncoding = 4; lastKnownFileType = sourcecode.cpp.cpp; name = main.cpp; path = weapon_example/main.cpp; sourceTree = "<group>"; };
		83A71C3B19D785FC0062D951 /* weapon_example */ = {isa = PBXFileReference; explicitFileType = "compiled.mach-o.executable"; includeInIndex = 0; path = weapon_example; sourceTree = BUILT_PRODUCTS_DIR; };
		83B17F5219D77CD30025658A /* Action.cpp */ = {isa = PBXFileReference; fileEncoding = 4; lastKnownFileType = sourcecode.cpp.cpp; path = Action.cpp; sourceTree = "<group>"; };
		83B17F5319D77CD30025658A /* Action.h */ = {isa = PBXFileReference; fileEncoding = 4; lastKnownFileType = sourcecode.c.h; path = Action.h; sourceTree = "<group>"; };
		83B17F5419D77CD30025658A /* Node.cpp */ = {isa = PBXFileReference; fileEncoding = 4; lastKnownFileType = sourcecode.cpp.cpp; path = Node.cpp; sourceTree = "<group>"; };
		83B17F5519D77CD30025658A /* Node.h */ = {isa = PBXFileReference; fileEncoding = 4; lastKnownFileType = sourcecode.c.h; path = Node.h; sourceTree = "<group>"; };
		83B17F5619D77CD30025658A /* Planner.cpp */ = {isa = PBXFileReference; fileEncoding = 4; lastKnownFileType = sourcecode.cpp.cpp; path = Planner.cpp; sourceTree = "<group>"; };
		83B17F5719D77CD30025658A /* Planner.h */ = {isa = PBXFileReference; fileEncoding = 4; lastKnownFileType = sourcecode.c.h; path = Planner.h; sourceTree = "<group>"; };
		83B17F5819D77CD30025658A /* WorldState.cpp */ = {isa = PBXFileReference; fileEncoding = 4; lastKnownFileType = sourcecode.cpp.cpp; path = WorldState.cpp; sourceTree = "<group>"; };
		83B17F5919D77CD30025658A /* WorldState.h */ = {isa = PBXFileReference; fileEncoding = 4; lastKnownFileType = sourcecode.c.h; path = WorldState.h; sourceTree = "<group>"; };
		83B17F6219D77EFA0025658A /* libgoap.dylib */ = {isa = PBXFileReference; explicitFileType = "compiled.mach-o.dylib"; includeInIndex = 0; path = libgoap.dylib; sourceTree = BUILT_PRODUCTS_DIR; };
/* End PBXFileReference section */

/* Begin PBXFrameworksBuildPhase section */
		830C2A4519D86E32005944F4 /* Frameworks */ = {
			isa = PBXFrameworksBuildPhase;
			buildActionMask = 2147483647;
			files = (
				830C2A5919D86E67005944F4 /* gtest.framework in Frameworks */,
				830C2A5A19D86E67005944F4 /* libgtest_main.a in Frameworks */,
				830C2A5B19D86E67005944F4 /* libgtest.a in Frameworks */,
				830C2A5519D86E57005944F4 /* libgoap.dylib in Frameworks */,
			);
			runOnlyForDeploymentPostprocessing = 0;
		};
		830C2A6319D8703C005944F4 /* Frameworks */ = {
			isa = PBXFrameworksBuildPhase;
			buildActionMask = 2147483647;
			files = (
				830C2A6419D8703C005944F4 /* libgoap.dylib in Frameworks */,
			);
			runOnlyForDeploymentPostprocessing = 0;
		};
		83A71C3819D785FC0062D951 /* Frameworks */ = {
			isa = PBXFrameworksBuildPhase;
			buildActionMask = 2147483647;
			files = (
				83A71C4419D786460062D951 /* libgoap.dylib in Frameworks */,
			);
			runOnlyForDeploymentPostprocessing = 0;
		};
		83B17F5F19D77EFA0025658A /* Frameworks */ = {
			isa = PBXFrameworksBuildPhase;
			buildActionMask = 2147483647;
			files = (
			);
			runOnlyForDeploymentPostprocessing = 0;
		};
/* End PBXFrameworksBuildPhase section */

/* Begin PBXGroup section */
		830C2A3B19D86E11005944F4 /* tests */ = {
			isa = PBXGroup;
			children = (
				830C2A3C19D86E1E005944F4 /* ActionTest.cpp */,
				830C2A3D19D86E1E005944F4 /* NodeTest.cpp */,
				830C2A3E19D86E1E005944F4 /* PlannerTest.cpp */,
				830C2A3F19D86E1E005944F4 /* WorldStateTest.cpp */,
			);
			name = tests;
			sourceTree = "<group>";
		};
		830C2A5D19D87008005944F4 /* dependencies */ = {
			isa = PBXGroup;
			children = (
				830C2A5619D86E67005944F4 /* gtest.framework */,
				830C2A5719D86E67005944F4 /* libgtest_main.a */,
				830C2A5819D86E67005944F4 /* libgtest.a */,
			);
			name = dependencies;
			sourceTree = "<group>";
		};
		833A93EC1971FB7600AB6B66 = {
			isa = PBXGroup;
			children = (
				830C2A3B19D86E11005944F4 /* tests */,
				83A71C3419D785DB0062D951 /* weapon example */,
				83A71C2619D7859B0062D951 /* wargame example */,
				833A93F71971FB7600AB6B66 /* src */,
				830C2A5D19D87008005944F4 /* dependencies */,
				833A93F61971FB7600AB6B66 /* Products */,
			);
			sourceTree = "<group>";
		};
		833A93F61971FB7600AB6B66 /* Products */ = {
			isa = PBXGroup;
			children = (
				83B17F6219D77EFA0025658A /* libgoap.dylib */,
				83A71C3B19D785FC0062D951 /* weapon_example */,
				830C2A4819D86E32005944F4 /* goap_tests */,
				830C2A6919D8703C005944F4 /* weapon_example copy */,
			);
			name = Products;
			sourceTree = "<group>";
		};
		833A93F71971FB7600AB6B66 /* src */ = {
			isa = PBXGroup;
			children = (
				83B17F5219D77CD30025658A /* Action.cpp */,
				83B17F5319D77CD30025658A /* Action.h */,
				83B17F5419D77CD30025658A /* Node.cpp */,
				83B17F5519D77CD30025658A /* Node.h */,
				83B17F5619D77CD30025658A /* Planner.cpp */,
				83B17F5719D77CD30025658A /* Planner.h */,
				83B17F5819D77CD30025658A /* WorldState.cpp */,
				83B17F5919D77CD30025658A /* WorldState.h */,
			);
			name = src;
			path = goap;
			sourceTree = "<group>";
		};
		83A71C2619D7859B0062D951 /* wargame example */ = {
			isa = PBXGroup;
			children = (
				83A71C2719D785A60062D951 /* main.cpp */,
			);
			name = "wargame example";
			sourceTree = "<group>";
		};
		83A71C3419D785DB0062D951 /* weapon example */ = {
			isa = PBXGroup;
			children = (
				83A71C3519D785E70062D951 /* main.cpp */,
			);
			name = "weapon example";
			sourceTree = "<group>";
		};
/* End PBXGroup section */

/* Begin PBXHeadersBuildPhase section */
		83B17F6019D77EFA0025658A /* Headers */ = {
			isa = PBXHeadersBuildPhase;
			buildActionMask = 2147483647;
			files = (
			);
			runOnlyForDeploymentPostprocessing = 0;
		};
/* End PBXHeadersBuildPhase section */

/* Begin PBXNativeTarget section */
		830C2A4719D86E32005944F4 /* goap_tests */ = {
			isa = PBXNativeTarget;
			buildConfigurationList = 830C2A4C19D86E32005944F4 /* Build configuration list for PBXNativeTarget "goap_tests" */;
			buildPhases = (
				830C2A4419D86E32005944F4 /* Sources */,
				830C2A4519D86E32005944F4 /* Frameworks */,
				830C2A4619D86E32005944F4 /* CopyFiles */,
			);
			buildRules = (
			);
			dependencies = (
				830C2A5019D86E38005944F4 /* PBXTargetDependency */,
			);
			name = goap_tests;
			productName = goap_tests;
			productReference = 830C2A4819D86E32005944F4 /* goap_tests */;
			productType = "com.apple.product-type.tool";
		};
		830C2A5E19D8703C005944F4 /* wargame_example */ = {
			isa = PBXNativeTarget;
			buildConfigurationList = 830C2A6619D8703C005944F4 /* Build configuration list for PBXNativeTarget "wargame_example" */;
			buildPhases = (
				830C2A6119D8703C005944F4 /* Sources */,
				830C2A6319D8703C005944F4 /* Frameworks */,
				830C2A6519D8703C005944F4 /* CopyFiles */,
			);
			buildRules = (
			);
			dependencies = (
				830C2A5F19D8703C005944F4 /* PBXTargetDependency */,
			);
			name = wargame_example;
			productName = weapon_example;
			productReference = 830C2A6919D8703C005944F4 /* weapon_example copy */;
			productType = "com.apple.product-type.tool";
		};
		83A71C3A19D785FC0062D951 /* weapon_example */ = {
			isa = PBXNativeTarget;
			buildConfigurationList = 83A71C3F19D785FC0062D951 /* Build configuration list for PBXNativeTarget "weapon_example" */;
			buildPhases = (
				83A71C3719D785FC0062D951 /* Sources */,
				83A71C3819D785FC0062D951 /* Frameworks */,
				83A71C3919D785FC0062D951 /* CopyFiles */,
			);
			buildRules = (
			);
			dependencies = (
				83A71C4319D786400062D951 /* PBXTargetDependency */,
			);
			name = weapon_example;
			productName = weapon_example;
			productReference = 83A71C3B19D785FC0062D951 /* weapon_example */;
			productType = "com.apple.product-type.tool";
		};
		83B17F6119D77EFA0025658A /* goap */ = {
			isa = PBXNativeTarget;
			buildConfigurationList = 83B17F6A19D77EFA0025658A /* Build configuration list for PBXNativeTarget "goap" */;
			buildPhases = (
				83B17F5E19D77EFA0025658A /* Sources */,
				83B17F5F19D77EFA0025658A /* Frameworks */,
				83B17F6019D77EFA0025658A /* Headers */,
			);
			buildRules = (
			);
			dependencies = (
			);
			name = goap;
			productName = goap;
			productReference = 83B17F6219D77EFA0025658A /* libgoap.dylib */;
			productType = "com.apple.product-type.library.dynamic";
		};
/* End PBXNativeTarget section */

/* Begin PBXProject section */
		833A93ED1971FB7600AB6B66 /* Project object */ = {
			isa = PBXProject;
			attributes = {
				LastUpgradeCheck = 0620;
				ORGANIZATIONNAME = "Prylis Inc.";
				TargetAttributes = {
					830C2A4719D86E32005944F4 = {
						CreatedOnToolsVersion = 6.0.1;
					};
					83A71C3A19D785FC0062D951 = {
						CreatedOnToolsVersion = 6.0.1;
					};
					83B17F6119D77EFA0025658A = {
						CreatedOnToolsVersion = 6.0.1;
					};
				};
			};
			buildConfigurationList = 833A93F01971FB7600AB6B66 /* Build configuration list for PBXProject "goap" */;
			compatibilityVersion = "Xcode 3.2";
			developmentRegion = English;
			hasScannedForEncodings = 0;
			knownRegions = (
				en,
			);
			mainGroup = 833A93EC1971FB7600AB6B66;
			productRefGroup = 833A93F61971FB7600AB6B66 /* Products */;
			projectDirPath = "";
			projectRoot = "";
			targets = (
				83B17F6119D77EFA0025658A /* goap */,
				830C2A4719D86E32005944F4 /* goap_tests */,
				83A71C3A19D785FC0062D951 /* weapon_example */,
				830C2A5E19D8703C005944F4 /* wargame_example */,
			);
		};
/* End PBXProject section */

/* Begin PBXSourcesBuildPhase section */
		830C2A4419D86E32005944F4 /* Sources */ = {
			isa = PBXSourcesBuildPhase;
			buildActionMask = 2147483647;
			files = (
				830C2A5119D86E52005944F4 /* ActionTest.cpp in Sources */,
				830C2A5219D86E52005944F4 /* NodeTest.cpp in Sources */,
				830C2A5319D86E52005944F4 /* PlannerTest.cpp in Sources */,
				830C2A5419D86E52005944F4 /* WorldStateTest.cpp in Sources */,
			);
			runOnlyForDeploymentPostprocessing = 0;
		};
		830C2A6119D8703C005944F4 /* Sources */ = {
			isa = PBXSourcesBuildPhase;
			buildActionMask = 2147483647;
			files = (
				830C2A6A19D8704E005944F4 /* main.cpp in Sources */,
			);
			runOnlyForDeploymentPostprocessing = 0;
		};
		83A71C3719D785FC0062D951 /* Sources */ = {
			isa = PBXSourcesBuildPhase;
			buildActionMask = 2147483647;
			files = (
				83A71C4719D787930062D951 /* main.cpp in Sources */,
			);
			runOnlyForDeploymentPostprocessing = 0;
		};
		83B17F5E19D77EFA0025658A /* Sources */ = {
			isa = PBXSourcesBuildPhase;
			buildActionMask = 2147483647;
			files = (
				83A71C2519D783AF0062D951 /* Node.cpp in Sources */,
				83A71C2419D783A20062D951 /* Planner.cpp in Sources */,
				83A71C2319D7839D0062D951 /* WorldState.cpp in Sources */,
				83A71C2219D783950062D951 /* Action.cpp in Sources */,
			);
			runOnlyForDeploymentPostprocessing = 0;
		};
/* End PBXSourcesBuildPhase section */

/* Begin PBXTargetDependency section */
		830C2A5019D86E38005944F4 /* PBXTargetDependency */ = {
			isa = PBXTargetDependency;
			target = 83B17F6119D77EFA0025658A /* goap */;
			targetProxy = 830C2A4F19D86E38005944F4 /* PBXContainerItemProxy */;
		};
		830C2A5F19D8703C005944F4 /* PBXTargetDependency */ = {
			isa = PBXTargetDependency;
			target = 83B17F6119D77EFA0025658A /* goap */;
			targetProxy = 830C2A6019D8703C005944F4 /* PBXContainerItemProxy */;
		};
		83A71C4319D786400062D951 /* PBXTargetDependency */ = {
			isa = PBXTargetDependency;
			target = 83B17F6119D77EFA0025658A /* goap */;
			targetProxy = 83A71C4219D786400062D951 /* PBXContainerItemProxy */;
		};
/* End PBXTargetDependency section */

/* Begin XCBuildConfiguration section */
		830C2A4D19D86E32005944F4 /* Debug */ = {
			isa = XCBuildConfiguration;
			buildSettings = {
				CLANG_CXX_LANGUAGE_STANDARD = "gnu++0x";
				CLANG_WARN_UNREACHABLE_CODE = YES;
				ENABLE_STRICT_OBJC_MSGSEND = YES;
				FRAMEWORK_SEARCH_PATHS = "$(inherited)";
				GCC_PREPROCESSOR_DEFINITIONS = (
					"DEBUG=1",
					"$(inherited)",
				);
				LIBRARY_SEARCH_PATHS = (
					"$(inherited)",
					"$(PROJECT_DIR)/../common_libs",
				);
				MTL_ENABLE_DEBUG_INFO = YES;
				ONLY_ACTIVE_ARCH = YES;
				PRODUCT_NAME = "$(TARGET_NAME)";
			};
			name = Debug;
		};
		830C2A4E19D86E32005944F4 /* Release */ = {
			isa = XCBuildConfiguration;
			buildSettings = {
				CLANG_CXX_LANGUAGE_STANDARD = "gnu++0x";
				CLANG_WARN_UNREACHABLE_CODE = YES;
				ENABLE_STRICT_OBJC_MSGSEND = YES;
				FRAMEWORK_SEARCH_PATHS = "$(inherited)";
				LIBRARY_SEARCH_PATHS = (
					"$(inherited)",
					"$(PROJECT_DIR)/../common_libs",
				);
				MTL_ENABLE_DEBUG_INFO = NO;
				PRODUCT_NAME = "$(TARGET_NAME)";
			};
			name = Release;
		};
		830C2A6719D8703C005944F4 /* Debug */ = {
			isa = XCBuildConfiguration;
			buildSettings = {
				CLANG_CXX_LIBRARY = "libc++";
				CLANG_WARN_UNREACHABLE_CODE = YES;
				ENABLE_STRICT_OBJC_MSGSEND = YES;
				GCC_PREPROCESSOR_DEFINITIONS = (
					"DEBUG=1",
					"$(inherited)",
				);
				LIBRARY_SEARCH_PATHS = "/Users/chris/Library/Developer/Xcode/DerivedData/goap-eqzprqyjlndfnffvjyuxhwqrlgaj/Build/Products/Debug";
				MTL_ENABLE_DEBUG_INFO = YES;
				ONLY_ACTIVE_ARCH = YES;
				PRODUCT_NAME = "weapon_example copy";
			};
			name = Debug;
		};
		830C2A6819D8703C005944F4 /* Release */ = {
			isa = XCBuildConfiguration;
			buildSettings = {
				CLANG_CXX_LIBRARY = "libc++";
				CLANG_WARN_UNREACHABLE_CODE = YES;
				ENABLE_STRICT_OBJC_MSGSEND = YES;
				LIBRARY_SEARCH_PATHS = "/Users/chris/Library/Developer/Xcode/DerivedData/goap-eqzprqyjlndfnffvjyuxhwqrlgaj/Build/Products/Debug";
				MTL_ENABLE_DEBUG_INFO = NO;
				PRODUCT_NAME = "weapon_example copy";
			};
			name = Release;
		};
		833A93FC1971FB7600AB6B66 /* Debug */ = {
			isa = XCBuildConfiguration;
			buildSettings = {
				ALWAYS_SEARCH_USER_PATHS = NO;
				CLANG_CXX_LANGUAGE_STANDARD = "c++0x";
				CLANG_CXX_LIBRARY = "libc++";
				CLANG_ENABLE_MODULES = YES;
				CLANG_ENABLE_OBJC_ARC = YES;
				CLANG_WARN_BOOL_CONVERSION = YES;
				CLANG_WARN_CONSTANT_CONVERSION = YES;
				CLANG_WARN_DIRECT_OBJC_ISA_USAGE = YES_ERROR;
				CLANG_WARN_EMPTY_BODY = YES;
				CLANG_WARN_ENUM_CONVERSION = YES;
				CLANG_WARN_INT_CONVERSION = YES;
				CLANG_WARN_OBJC_ROOT_CLASS = YES_ERROR;
				CLANG_WARN__DUPLICATE_METHOD_MATCH = YES;
				COPY_PHASE_STRIP = NO;
				DEBUG_INFORMATION_FORMAT = dwarf;
				FRAMEWORK_SEARCH_PATHS = "$(PROJECT_DIR)/../common_libs";
				GCC_C_LANGUAGE_STANDARD = gnu99;
				GCC_DYNAMIC_NO_PIC = NO;
				GCC_ENABLE_OBJC_EXCEPTIONS = YES;
				GCC_OPTIMIZATION_LEVEL = 0;
				GCC_PREPROCESSOR_DEFINITIONS = (
					"DEBUG=1",
					"$(inherited)",
				);
				GCC_SYMBOLS_PRIVATE_EXTERN = NO;
				GCC_WARN_64_TO_32_BIT_CONVERSION = YES;
				GCC_WARN_ABOUT_RETURN_TYPE = YES_ERROR;
				GCC_WARN_UNDECLARED_SELECTOR = YES;
				GCC_WARN_UNINITIALIZED_AUTOS = YES_AGGRESSIVE;
				GCC_WARN_UNUSED_FUNCTION = YES;
				GCC_WARN_UNUSED_VARIABLE = YES;
				MACOSX_DEPLOYMENT_TARGET = 10.9;
				ONLY_ACTIVE_ARCH = YES;
				SDKROOT = macosx;
			};
			name = Debug;
		};
		833A93FD1971FB7600AB6B66 /* Release */ = {
			isa = XCBuildConfiguration;
			buildSettings = {
				ALWAYS_SEARCH_USER_PATHS = NO;
				CLANG_CXX_LANGUAGE_STANDARD = "c++0x";
				CLANG_CXX_LIBRARY = "libc++";
				CLANG_ENABLE_MODULES = YES;
				CLANG_ENABLE_OBJC_ARC = YES;
				CLANG_WARN_BOOL_CONVERSION = YES;
				CLANG_WARN_CONSTANT_CONVERSION = YES;
				CLANG_WARN_DIRECT_OBJC_ISA_USAGE = YES_ERROR;
				CLANG_WARN_EMPTY_BODY = YES;
				CLANG_WARN_ENUM_CONVERSION = YES;
				CLANG_WARN_INT_CONVERSION = YES;
				CLANG_WARN_OBJC_ROOT_CLASS = YES_ERROR;
				CLANG_WARN__DUPLICATE_METHOD_MATCH = YES;
				COPY_PHASE_STRIP = YES;
				DEBUG_INFORMATION_FORMAT = "dwarf-with-dsym";
				ENABLE_NS_ASSERTIONS = NO;
				FRAMEWORK_SEARCH_PATHS = "$(PROJECT_DIR)/../common_libs";
				GCC_C_LANGUAGE_STANDARD = gnu99;
				GCC_ENABLE_OBJC_EXCEPTIONS = YES;
				GCC_WARN_64_TO_32_BIT_CONVERSION = YES;
				GCC_WARN_ABOUT_RETURN_TYPE = YES_ERROR;
				GCC_WARN_UNDECLARED_SELECTOR = YES;
				GCC_WARN_UNINITIALIZED_AUTOS = YES_AGGRESSIVE;
				GCC_WARN_UNUSED_FUNCTION = YES;
				GCC_WARN_UNUSED_VARIABLE = YES;
				MACOSX_DEPLOYMENT_TARGET = 10.9;
				SDKROOT = macosx;
			};
			name = Release;
		};
		83A71C4019D785FC0062D951 /* Debug */ = {
			isa = XCBuildConfiguration;
			buildSettings = {
				CLANG_CXX_LIBRARY = "libc++";
				CLANG_WARN_UNREACHABLE_CODE = YES;
				ENABLE_STRICT_OBJC_MSGSEND = YES;
				GCC_PREPROCESSOR_DEFINITIONS = (
					"DEBUG=1",
					"$(inherited)",
				);
				LIBRARY_SEARCH_PATHS = "/Users/chris/Library/Developer/Xcode/DerivedData/goap-eqzprqyjlndfnffvjyuxhwqrlgaj/Build/Products/Debug";
				MTL_ENABLE_DEBUG_INFO = YES;
				ONLY_ACTIVE_ARCH = YES;
				PRODUCT_NAME = "$(TARGET_NAME)";
			};
			name = Debug;
		};
		83A71C4119D785FC0062D951 /* Release */ = {
			isa = XCBuildConfiguration;
			buildSettings = {
				CLANG_CXX_LIBRARY = "libc++";
				CLANG_WARN_UNREACHABLE_CODE = YES;
				ENABLE_STRICT_OBJC_MSGSEND = YES;
				LIBRARY_SEARCH_PATHS = "/Users/chris/Library/Developer/Xcode/DerivedData/goap-eqzprqyjlndfnffvjyuxhwqrlgaj/Build/Products/Debug";
				MTL_ENABLE_DEBUG_INFO = NO;
				PRODUCT_NAME = "$(TARGET_NAME)";
			};
			name = Release;
		};
		83B17F6B19D77EFA0025658A /* Debug */ = {
			isa = XCBuildConfiguration;
			buildSettings = {
				CLANG_WARN_UNREACHABLE_CODE = YES;
				COMBINE_HIDPI_IMAGES = YES;
				DYLIB_COMPATIBILITY_VERSION = 1;
				DYLIB_CURRENT_VERSION = 1;
				ENABLE_STRICT_OBJC_MSGSEND = YES;
				EXECUTABLE_PREFIX = lib;
				GCC_ENABLE_CPP_EXCEPTIONS = YES;
				GCC_ENABLE_CPP_RTTI = YES;
				GCC_PREPROCESSOR_DEFINITIONS = (
					"DEBUG=1",
					"$(inherited)",
				);
				GCC_SYMBOLS_PRIVATE_EXTERN = NO;
				MACH_O_TYPE = mh_dylib;
				MTL_ENABLE_DEBUG_INFO = YES;
				ONLY_ACTIVE_ARCH = YES;
				PRODUCT_NAME = "$(TARGET_NAME)";
			};
			name = Debug;
		};
		83B17F6C19D77EFA0025658A /* Release */ = {
			isa = XCBuildConfiguration;
			buildSettings = {
				CLANG_WARN_UNREACHABLE_CODE = YES;
				COMBINE_HIDPI_IMAGES = YES;
				DYLIB_COMPATIBILITY_VERSION = 1;
				DYLIB_CURRENT_VERSION = 1;
				ENABLE_STRICT_OBJC_MSGSEND = YES;
				EXECUTABLE_PREFIX = lib;
				GCC_ENABLE_CPP_EXCEPTIONS = YES;
				GCC_ENABLE_CPP_RTTI = YES;
				GCC_SYMBOLS_PRIVATE_EXTERN = NO;
				MACH_O_TYPE = mh_dylib;
				MTL_ENABLE_DEBUG_INFO = NO;
				PRODUCT_NAME = "$(TARGET_NAME)";
			};
			name = Release;
		};
/* End XCBuildConfiguration section */

/* Begin XCConfigurationList section */
		830C2A4C19D86E32005944F4 /* Build configuration list for PBXNativeTarget "goap_tests" */ = {
			isa = XCConfigurationList;
			buildConfigurations = (
				830C2A4D19D86E32005944F4 /* Debug */,
				830C2A4E19D86E32005944F4 /* Release */,
			);
			defaultConfigurationIsVisible = 0;
			defaultConfigurationName = Release;
		};
		830C2A6619D8703C005944F4 /* Build configuration list for PBXNativeTarget "wargame_example" */ = {
			isa = XCConfigurationList;
			buildConfigurations = (
				830C2A6719D8703C005944F4 /* Debug */,
				830C2A6819D8703C005944F4 /* Release */,
			);
			defaultConfigurationIsVisible = 0;
			defaultConfigurationName = Release;
		};
		833A93F01971FB7600AB6B66 /* Build configuration list for PBXProject "goap" */ = {
			isa = XCConfigurationList;
			buildConfigurations = (
				833A93FC1971FB7600AB6B66 /* Debug */,
				833A93FD1971FB7600AB6B66 /* Release */,
			);
			defaultConfigurationIsVisible = 0;
			defaultConfigurationName = Release;
		};
		83A71C3F19D785FC0062D951 /* Build configuration list for PBXNativeTarget "weapon_example" */ = {
			isa = XCConfigurationList;
			buildConfigurations = (
				83A71C4019D785FC0062D951 /* Debug */,
				83A71C4119D785FC0062D951 /* Release */,
			);
			defaultConfigurationIsVisible = 0;
			defaultConfigurationName = Release;
		};
		83B17F6A19D77EFA0025658A /* Build configuration list for PBXNativeTarget "goap" */ = {
			isa = XCConfigurationList;
			buildConfigurations = (
				83B17F6B19D77EFA0025658A /* Debug */,
				83B17F6C19D77EFA0025658A /* Release */,
			);
			defaultConfigurationIsVisible = 0;
			defaultConfigurationName = Release;
		};
/* End XCConfigurationList section */
	};
	rootObject = 833A93ED1971FB7600AB6B66 /* Project object */;
}
